// !$*UTF8*$!
{
	archiveVersion = 1;
	classes = {
	};
	objectVersion = 50;
	objects = {

/* Begin PBXBuildFile section */
		371179EE24E0662500F891FC /* policeBrutalityViewController.swift in Sources */ = {isa = PBXBuildFile; fileRef = 371179ED24E0662500F891FC /* policeBrutalityViewController.swift */; };
		373459F724DC45C100AD909B /* fourthViewController.swift in Sources */ = {isa = PBXBuildFile; fileRef = 373459F624DC45C100AD909B /* fourthViewController.swift */; };
		373459F924DC48E400AD909B /* fifthViewController.swift in Sources */ = {isa = PBXBuildFile; fileRef = 373459F824DC48E400AD909B /* fifthViewController.swift */; };
		373459FB24DC4A1900AD909B /* sixthViewController.swift in Sources */ = {isa = PBXBuildFile; fileRef = 373459FA24DC4A1900AD909B /* sixthViewController.swift */; };
		373459FF24DC600B00AD909B /* BLMHealthCareViewController.swift in Sources */ = {isa = PBXBuildFile; fileRef = 373459FE24DC600B00AD909B /* BLMHealthCareViewController.swift */; };
		37345A0124DC603E00AD909B /* BLMEducationViewController.swift in Sources */ = {isa = PBXBuildFile; fileRef = 37345A0024DC603E00AD909B /* BLMEducationViewController.swift */; };
		37345A0324DC607800AD909B /* BLMJusticeForViewController.swift in Sources */ = {isa = PBXBuildFile; fileRef = 37345A0224DC607800AD909B /* BLMJusticeForViewController.swift */; };
		37345A0524DD8AAF00AD909B /* ICEViewController.swift in Sources */ = {isa = PBXBuildFile; fileRef = 37345A0424DD8AAF00AD909B /* ICEViewController.swift */; };
		37345A0724DD8F9200AD909B /* citizenShipViewController.swift in Sources */ = {isa = PBXBuildFile; fileRef = 37345A0624DD8F9200AD909B /* citizenShipViewController.swift */; };
		37345A0924DD946500AD909B /* EconomicEqualityViewController.swift in Sources */ = {isa = PBXBuildFile; fileRef = 37345A0824DD946500AD909B /* EconomicEqualityViewController.swift */; };
		37345A0B24DD979600AD909B /* immigrationJusticeForViewController.swift in Sources */ = {isa = PBXBuildFile; fileRef = 37345A0A24DD979600AD909B /* immigrationJusticeForViewController.swift */; };
		37345A0D24DDA2AB00AD909B /* LGBTQHealthCareViewController.swift in Sources */ = {isa = PBXBuildFile; fileRef = 37345A0C24DDA2AB00AD909B /* LGBTQHealthCareViewController.swift */; };
		37345A0F24DDA3CF00AD909B /* FamilyViewController.swift in Sources */ = {isa = PBXBuildFile; fileRef = 37345A0E24DDA3CF00AD909B /* FamilyViewController.swift */; };
		37345A1124DDA3F700AD909B /* LGBTQSafetyViewController.swift in Sources */ = {isa = PBXBuildFile; fileRef = 37345A1024DDA3F700AD909B /* LGBTQSafetyViewController.swift */; };
		37345A1324DDA90500AD909B /* sexualAssultLawsViewController.swift in Sources */ = {isa = PBXBuildFile; fileRef = 37345A1224DDA90500AD909B /* sexualAssultLawsViewController.swift */; };
		37345A1524DDB3F400AD909B /* proChoiceViewController.swift in Sources */ = {isa = PBXBuildFile; fileRef = 37345A1424DDB3F400AD909B /* proChoiceViewController.swift */; };
		37345A1724DDB41A00AD909B /* resourcesViewController.swift in Sources */ = {isa = PBXBuildFile; fileRef = 37345A1624DDB41A00AD909B /* resourcesViewController.swift */; };
		37345A1924DDB45500AD909B /* sexualAssultJusticeForViewController.swift in Sources */ = {isa = PBXBuildFile; fileRef = 37345A1824DDB45500AD909B /* sexualAssultJusticeForViewController.swift */; };
		37B99B9624D8F39A00AC9A5D /* AppDelegate.swift in Sources */ = {isa = PBXBuildFile; fileRef = 37B99B9524D8F39A00AC9A5D /* AppDelegate.swift */; };
		37B99B9824D8F39A00AC9A5D /* SceneDelegate.swift in Sources */ = {isa = PBXBuildFile; fileRef = 37B99B9724D8F39A00AC9A5D /* SceneDelegate.swift */; };
		37B99B9A24D8F39A00AC9A5D /* ViewController.swift in Sources */ = {isa = PBXBuildFile; fileRef = 37B99B9924D8F39A00AC9A5D /* ViewController.swift */; };
		37B99B9D24D8F39A00AC9A5D /* Main.storyboard in Resources */ = {isa = PBXBuildFile; fileRef = 37B99B9B24D8F39A00AC9A5D /* Main.storyboard */; };
		37B99B9F24D8F3A400AC9A5D /* Assets.xcassets in Resources */ = {isa = PBXBuildFile; fileRef = 37B99B9E24D8F3A400AC9A5D /* Assets.xcassets */; };
		37B99BA224D8F3A400AC9A5D /* LaunchScreen.storyboard in Resources */ = {isa = PBXBuildFile; fileRef = 37B99BA024D8F3A400AC9A5D /* LaunchScreen.storyboard */; };
		37B99BAD24D8F3A400AC9A5D /* unitedTests.swift in Sources */ = {isa = PBXBuildFile; fileRef = 37B99BAC24D8F3A400AC9A5D /* unitedTests.swift */; };
		37B99BB824D8F3A400AC9A5D /* unitedUITests.swift in Sources */ = {isa = PBXBuildFile; fileRef = 37B99BB724D8F3A400AC9A5D /* unitedUITests.swift */; };
		37B99BC624D8F9A100AC9A5D /* secondViewController.swift in Sources */ = {isa = PBXBuildFile; fileRef = 37B99BC524D8F9A100AC9A5D /* secondViewController.swift */; };
		37B99BC824D9AD9900AC9A5D /* thirdViewController.swift in Sources */ = {isa = PBXBuildFile; fileRef = 37B99BC724D9AD9900AC9A5D /* thirdViewController.swift */; };
/* End PBXBuildFile section */

/* Begin PBXContainerItemProxy section */
		37B99BA924D8F3A400AC9A5D /* PBXContainerItemProxy */ = {
			isa = PBXContainerItemProxy;
			containerPortal = 37B99B8A24D8F39900AC9A5D /* Project object */;
			proxyType = 1;
			remoteGlobalIDString = 37B99B9124D8F39A00AC9A5D;
			remoteInfo = united;
		};
		37B99BB424D8F3A400AC9A5D /* PBXContainerItemProxy */ = {
			isa = PBXContainerItemProxy;
			containerPortal = 37B99B8A24D8F39900AC9A5D /* Project object */;
			proxyType = 1;
			remoteGlobalIDString = 37B99B9124D8F39A00AC9A5D;
			remoteInfo = united;
		};
/* End PBXContainerItemProxy section */

/* Begin PBXFileReference section */
		371179ED24E0662500F891FC /* policeBrutalityViewController.swift */ = {isa = PBXFileReference; lastKnownFileType = sourcecode.swift; path = policeBrutalityViewController.swift; sourceTree = "<group>"; };
		373459F624DC45C100AD909B /* fourthViewController.swift */ = {isa = PBXFileReference; lastKnownFileType = sourcecode.swift; path = fourthViewController.swift; sourceTree = "<group>"; };
		373459F824DC48E400AD909B /* fifthViewController.swift */ = {isa = PBXFileReference; lastKnownFileType = sourcecode.swift; path = fifthViewController.swift; sourceTree = "<group>"; };
		373459FA24DC4A1900AD909B /* sixthViewController.swift */ = {isa = PBXFileReference; lastKnownFileType = sourcecode.swift; path = sixthViewController.swift; sourceTree = "<group>"; };
		373459FE24DC600B00AD909B /* BLMHealthCareViewController.swift */ = {isa = PBXFileReference; lastKnownFileType = sourcecode.swift; path = BLMHealthCareViewController.swift; sourceTree = "<group>"; };
		37345A0024DC603E00AD909B /* BLMEducationViewController.swift */ = {isa = PBXFileReference; lastKnownFileType = sourcecode.swift; path = BLMEducationViewController.swift; sourceTree = "<group>"; };
		37345A0224DC607800AD909B /* BLMJusticeForViewController.swift */ = {isa = PBXFileReference; lastKnownFileType = sourcecode.swift; path = BLMJusticeForViewController.swift; sourceTree = "<group>"; };
		37345A0424DD8AAF00AD909B /* ICEViewController.swift */ = {isa = PBXFileReference; lastKnownFileType = sourcecode.swift; path = ICEViewController.swift; sourceTree = "<group>"; };
		37345A0624DD8F9200AD909B /* citizenShipViewController.swift */ = {isa = PBXFileReference; lastKnownFileType = sourcecode.swift; path = citizenShipViewController.swift; sourceTree = "<group>"; };
		37345A0824DD946500AD909B /* EconomicEqualityViewController.swift */ = {isa = PBXFileReference; lastKnownFileType = sourcecode.swift; path = EconomicEqualityViewController.swift; sourceTree = "<group>"; };
		37345A0A24DD979600AD909B /* immigrationJusticeForViewController.swift */ = {isa = PBXFileReference; lastKnownFileType = sourcecode.swift; path = immigrationJusticeForViewController.swift; sourceTree = "<group>"; };
		37345A0C24DDA2AB00AD909B /* LGBTQHealthCareViewController.swift */ = {isa = PBXFileReference; lastKnownFileType = sourcecode.swift; path = LGBTQHealthCareViewController.swift; sourceTree = "<group>"; };
		37345A0E24DDA3CF00AD909B /* FamilyViewController.swift */ = {isa = PBXFileReference; lastKnownFileType = sourcecode.swift; path = FamilyViewController.swift; sourceTree = "<group>"; };
		37345A1024DDA3F700AD909B /* LGBTQSafetyViewController.swift */ = {isa = PBXFileReference; lastKnownFileType = sourcecode.swift; path = LGBTQSafetyViewController.swift; sourceTree = "<group>"; };
		37345A1224DDA90500AD909B /* sexualAssultLawsViewController.swift */ = {isa = PBXFileReference; lastKnownFileType = sourcecode.swift; path = sexualAssultLawsViewController.swift; sourceTree = "<group>"; };
		37345A1424DDB3F400AD909B /* proChoiceViewController.swift */ = {isa = PBXFileReference; lastKnownFileType = sourcecode.swift; path = proChoiceViewController.swift; sourceTree = "<group>"; };
		37345A1624DDB41A00AD909B /* resourcesViewController.swift */ = {isa = PBXFileReference; lastKnownFileType = sourcecode.swift; path = resourcesViewController.swift; sourceTree = "<group>"; };
		37345A1824DDB45500AD909B /* sexualAssultJusticeForViewController.swift */ = {isa = PBXFileReference; lastKnownFileType = sourcecode.swift; path = sexualAssultJusticeForViewController.swift; sourceTree = "<group>"; };
		37B99B9224D8F39A00AC9A5D /* united.app */ = {isa = PBXFileReference; explicitFileType = wrapper.application; includeInIndex = 0; path = united.app; sourceTree = BUILT_PRODUCTS_DIR; };
		37B99B9524D8F39A00AC9A5D /* AppDelegate.swift */ = {isa = PBXFileReference; lastKnownFileType = sourcecode.swift; path = AppDelegate.swift; sourceTree = "<group>"; };
		37B99B9724D8F39A00AC9A5D /* SceneDelegate.swift */ = {isa = PBXFileReference; lastKnownFileType = sourcecode.swift; path = SceneDelegate.swift; sourceTree = "<group>"; };
		37B99B9924D8F39A00AC9A5D /* ViewController.swift */ = {isa = PBXFileReference; lastKnownFileType = sourcecode.swift; path = ViewController.swift; sourceTree = "<group>"; };
		37B99B9C24D8F39A00AC9A5D /* Base */ = {isa = PBXFileReference; lastKnownFileType = file.storyboard; name = Base; path = Base.lproj/Main.storyboard; sourceTree = "<group>"; };
		37B99B9E24D8F3A400AC9A5D /* Assets.xcassets */ = {isa = PBXFileReference; lastKnownFileType = folder.assetcatalog; path = Assets.xcassets; sourceTree = "<group>"; };
		37B99BA124D8F3A400AC9A5D /* Base */ = {isa = PBXFileReference; lastKnownFileType = file.storyboard; name = Base; path = Base.lproj/LaunchScreen.storyboard; sourceTree = "<group>"; };
		37B99BA324D8F3A400AC9A5D /* Info.plist */ = {isa = PBXFileReference; lastKnownFileType = text.plist.xml; path = Info.plist; sourceTree = "<group>"; };
		37B99BA824D8F3A400AC9A5D /* unitedTests.xctest */ = {isa = PBXFileReference; explicitFileType = wrapper.cfbundle; includeInIndex = 0; path = unitedTests.xctest; sourceTree = BUILT_PRODUCTS_DIR; };
		37B99BAC24D8F3A400AC9A5D /* unitedTests.swift */ = {isa = PBXFileReference; lastKnownFileType = sourcecode.swift; path = unitedTests.swift; sourceTree = "<group>"; };
		37B99BAE24D8F3A400AC9A5D /* Info.plist */ = {isa = PBXFileReference; lastKnownFileType = text.plist.xml; path = Info.plist; sourceTree = "<group>"; };
		37B99BB324D8F3A400AC9A5D /* unitedUITests.xctest */ = {isa = PBXFileReference; explicitFileType = wrapper.cfbundle; includeInIndex = 0; path = unitedUITests.xctest; sourceTree = BUILT_PRODUCTS_DIR; };
		37B99BB724D8F3A400AC9A5D /* unitedUITests.swift */ = {isa = PBXFileReference; lastKnownFileType = sourcecode.swift; path = unitedUITests.swift; sourceTree = "<group>"; };
		37B99BB924D8F3A400AC9A5D /* Info.plist */ = {isa = PBXFileReference; lastKnownFileType = text.plist.xml; path = Info.plist; sourceTree = "<group>"; };
		37B99BC524D8F9A100AC9A5D /* secondViewController.swift */ = {isa = PBXFileReference; lastKnownFileType = sourcecode.swift; path = secondViewController.swift; sourceTree = "<group>"; };
		37B99BC724D9AD9900AC9A5D /* thirdViewController.swift */ = {isa = PBXFileReference; lastKnownFileType = sourcecode.swift; path = thirdViewController.swift; sourceTree = "<group>"; };
/* End PBXFileReference section */

/* Begin PBXFrameworksBuildPhase section */
		37B99B8F24D8F39A00AC9A5D /* Frameworks */ = {
			isa = PBXFrameworksBuildPhase;
			buildActionMask = 2147483647;
			files = (
			);
			runOnlyForDeploymentPostprocessing = 0;
		};
		37B99BA524D8F3A400AC9A5D /* Frameworks */ = {
			isa = PBXFrameworksBuildPhase;
			buildActionMask = 2147483647;
			files = (
			);
			runOnlyForDeploymentPostprocessing = 0;
		};
		37B99BB024D8F3A400AC9A5D /* Frameworks */ = {
			isa = PBXFrameworksBuildPhase;
			buildActionMask = 2147483647;
			files = (
			);
			runOnlyForDeploymentPostprocessing = 0;
		};
/* End PBXFrameworksBuildPhase section */

/* Begin PBXGroup section */
		37B99B8924D8F39900AC9A5D = {
			isa = PBXGroup;
			children = (
				37B99B9424D8F39A00AC9A5D /* united */,
				37B99BAB24D8F3A400AC9A5D /* unitedTests */,
				37B99BB624D8F3A400AC9A5D /* unitedUITests */,
				37B99B9324D8F39A00AC9A5D /* Products */,
			);
			sourceTree = "<group>";
		};
		37B99B9324D8F39A00AC9A5D /* Products */ = {
			isa = PBXGroup;
			children = (
				37B99B9224D8F39A00AC9A5D /* united.app */,
				37B99BA824D8F3A400AC9A5D /* unitedTests.xctest */,
				37B99BB324D8F3A400AC9A5D /* unitedUITests.xctest */,
			);
			name = Products;
			sourceTree = "<group>";
		};
		37B99B9424D8F39A00AC9A5D /* united */ = {
			isa = PBXGroup;
			children = (
				37B99B9524D8F39A00AC9A5D /* AppDelegate.swift */,
				37B99B9724D8F39A00AC9A5D /* SceneDelegate.swift */,
				37B99B9924D8F39A00AC9A5D /* ViewController.swift */,
				37B99B9B24D8F39A00AC9A5D /* Main.storyboard */,
				37345A1824DDB45500AD909B /* sexualAssultJusticeForViewController.swift */,
				37345A1624DDB41A00AD909B /* resourcesViewController.swift */,
				37345A1224DDA90500AD909B /* sexualAssultLawsViewController.swift */,
				37345A1024DDA3F700AD909B /* LGBTQSafetyViewController.swift */,
				37345A0E24DDA3CF00AD909B /* FamilyViewController.swift */,
				37345A0C24DDA2AB00AD909B /* LGBTQHealthCareViewController.swift */,
				37345A0A24DD979600AD909B /* immigrationJusticeForViewController.swift */,
				37345A0824DD946500AD909B /* EconomicEqualityViewController.swift */,
				37345A0624DD8F9200AD909B /* citizenShipViewController.swift */,
				37345A0424DD8AAF00AD909B /* ICEViewController.swift */,
				37345A0224DC607800AD909B /* BLMJusticeForViewController.swift */,
				37345A0024DC603E00AD909B /* BLMEducationViewController.swift */,
				373459FE24DC600B00AD909B /* BLMHealthCareViewController.swift */,
				373459FA24DC4A1900AD909B /* sixthViewController.swift */,
				37345A1424DDB3F400AD909B /* proChoiceViewController.swift */,
				373459F824DC48E400AD909B /* fifthViewController.swift */,
				373459F624DC45C100AD909B /* fourthViewController.swift */,
				37B99BC724D9AD9900AC9A5D /* thirdViewController.swift */,
				371179ED24E0662500F891FC /* policeBrutalityViewController.swift */,
				37B99BC524D8F9A100AC9A5D /* secondViewController.swift */,
				37B99B9E24D8F3A400AC9A5D /* Assets.xcassets */,
				37B99BA024D8F3A400AC9A5D /* LaunchScreen.storyboard */,
				37B99BA324D8F3A400AC9A5D /* Info.plist */,
			);
			path = united;
			sourceTree = "<group>";
		};
		37B99BAB24D8F3A400AC9A5D /* unitedTests */ = {
			isa = PBXGroup;
			children = (
				37B99BAC24D8F3A400AC9A5D /* unitedTests.swift */,
				37B99BAE24D8F3A400AC9A5D /* Info.plist */,
			);
			path = unitedTests;
			sourceTree = "<group>";
		};
		37B99BB624D8F3A400AC9A5D /* unitedUITests */ = {
			isa = PBXGroup;
			children = (
				37B99BB724D8F3A400AC9A5D /* unitedUITests.swift */,
				37B99BB924D8F3A400AC9A5D /* Info.plist */,
			);
			path = unitedUITests;
			sourceTree = "<group>";
		};
/* End PBXGroup section */

/* Begin PBXNativeTarget section */
		37B99B9124D8F39A00AC9A5D /* united */ = {
			isa = PBXNativeTarget;
			buildConfigurationList = 37B99BBC24D8F3A400AC9A5D /* Build configuration list for PBXNativeTarget "united" */;
			buildPhases = (
				37B99B8E24D8F39A00AC9A5D /* Sources */,
				37B99B8F24D8F39A00AC9A5D /* Frameworks */,
				37B99B9024D8F39A00AC9A5D /* Resources */,
			);
			buildRules = (
			);
			dependencies = (
			);
			name = united;
			productName = united;
			productReference = 37B99B9224D8F39A00AC9A5D /* united.app */;
			productType = "com.apple.product-type.application";
		};
		37B99BA724D8F3A400AC9A5D /* unitedTests */ = {
			isa = PBXNativeTarget;
			buildConfigurationList = 37B99BBF24D8F3A400AC9A5D /* Build configuration list for PBXNativeTarget "unitedTests" */;
			buildPhases = (
				37B99BA424D8F3A400AC9A5D /* Sources */,
				37B99BA524D8F3A400AC9A5D /* Frameworks */,
				37B99BA624D8F3A400AC9A5D /* Resources */,
			);
			buildRules = (
			);
			dependencies = (
				37B99BAA24D8F3A400AC9A5D /* PBXTargetDependency */,
			);
			name = unitedTests;
			productName = unitedTests;
			productReference = 37B99BA824D8F3A400AC9A5D /* unitedTests.xctest */;
			productType = "com.apple.product-type.bundle.unit-test";
		};
		37B99BB224D8F3A400AC9A5D /* unitedUITests */ = {
			isa = PBXNativeTarget;
			buildConfigurationList = 37B99BC224D8F3A400AC9A5D /* Build configuration list for PBXNativeTarget "unitedUITests" */;
			buildPhases = (
				37B99BAF24D8F3A400AC9A5D /* Sources */,
				37B99BB024D8F3A400AC9A5D /* Frameworks */,
				37B99BB124D8F3A400AC9A5D /* Resources */,
			);
			buildRules = (
			);
			dependencies = (
				37B99BB524D8F3A400AC9A5D /* PBXTargetDependency */,
			);
			name = unitedUITests;
			productName = unitedUITests;
			productReference = 37B99BB324D8F3A400AC9A5D /* unitedUITests.xctest */;
			productType = "com.apple.product-type.bundle.ui-testing";
		};
/* End PBXNativeTarget section */

/* Begin PBXProject section */
		37B99B8A24D8F39900AC9A5D /* Project object */ = {
			isa = PBXProject;
			attributes = {
				LastSwiftUpdateCheck = 1150;
				LastUpgradeCheck = 1150;
				ORGANIZATIONNAME = BYNC;
				TargetAttributes = {
					37B99B9124D8F39A00AC9A5D = {
						CreatedOnToolsVersion = 11.5;
					};
					37B99BA724D8F3A400AC9A5D = {
						CreatedOnToolsVersion = 11.5;
						TestTargetID = 37B99B9124D8F39A00AC9A5D;
					};
					37B99BB224D8F3A400AC9A5D = {
						CreatedOnToolsVersion = 11.5;
						TestTargetID = 37B99B9124D8F39A00AC9A5D;
					};
				};
			};
			buildConfigurationList = 37B99B8D24D8F39900AC9A5D /* Build configuration list for PBXProject "united" */;
			compatibilityVersion = "Xcode 9.3";
			developmentRegion = en;
			hasScannedForEncodings = 0;
			knownRegions = (
				en,
				Base,
			);
			mainGroup = 37B99B8924D8F39900AC9A5D;
			productRefGroup = 37B99B9324D8F39A00AC9A5D /* Products */;
			projectDirPath = "";
			projectRoot = "";
			targets = (
				37B99B9124D8F39A00AC9A5D /* united */,
				37B99BA724D8F3A400AC9A5D /* unitedTests */,
				37B99BB224D8F3A400AC9A5D /* unitedUITests */,
			);
		};
/* End PBXProject section */

/* Begin PBXResourcesBuildPhase section */
		37B99B9024D8F39A00AC9A5D /* Resources */ = {
			isa = PBXResourcesBuildPhase;
			buildActionMask = 2147483647;
			files = (
				37B99BA224D8F3A400AC9A5D /* LaunchScreen.storyboard in Resources */,
				37B99B9F24D8F3A400AC9A5D /* Assets.xcassets in Resources */,
				37B99B9D24D8F39A00AC9A5D /* Main.storyboard in Resources */,
			);
			runOnlyForDeploymentPostprocessing = 0;
		};
		37B99BA624D8F3A400AC9A5D /* Resources */ = {
			isa = PBXResourcesBuildPhase;
			buildActionMask = 2147483647;
			files = (
			);
			runOnlyForDeploymentPostprocessing = 0;
		};
		37B99BB124D8F3A400AC9A5D /* Resources */ = {
			isa = PBXResourcesBuildPhase;
			buildActionMask = 2147483647;
			files = (
			);
			runOnlyForDeploymentPostprocessing = 0;
		};
/* End PBXResourcesBuildPhase section */

/* Begin PBXSourcesBuildPhase section */
		37B99B8E24D8F39A00AC9A5D /* Sources */ = {
			isa = PBXSourcesBuildPhase;
			buildActionMask = 2147483647;
			files = (
				37B99BC624D8F9A100AC9A5D /* secondViewController.swift in Sources */,
				37345A0B24DD979600AD909B /* immigrationJusticeForViewController.swift in Sources */,
				37345A1724DDB41A00AD909B /* resourcesViewController.swift in Sources */,
				37B99B9A24D8F39A00AC9A5D /* ViewController.swift in Sources */,
				37345A0924DD946500AD909B /* EconomicEqualityViewController.swift in Sources */,
				371179EE24E0662500F891FC /* policeBrutalityViewController.swift in Sources */,
				373459F724DC45C100AD909B /* fourthViewController.swift in Sources */,
				37345A1924DDB45500AD909B /* sexualAssultJusticeForViewController.swift in Sources */,
				373459FB24DC4A1900AD909B /* sixthViewController.swift in Sources */,
				37345A0F24DDA3CF00AD909B /* FamilyViewController.swift in Sources */,
				37345A0324DC607800AD909B /* BLMJusticeForViewController.swift in Sources */,
				37345A0524DD8AAF00AD909B /* ICEViewController.swift in Sources */,
				37B99BC824D9AD9900AC9A5D /* thirdViewController.swift in Sources */,
				37B99B9624D8F39A00AC9A5D /* AppDelegate.swift in Sources */,
				37345A0D24DDA2AB00AD909B /* LGBTQHealthCareViewController.swift in Sources */,
				37B99B9824D8F39A00AC9A5D /* SceneDelegate.swift in Sources */,
				37345A1124DDA3F700AD909B /* LGBTQSafetyViewController.swift in Sources */,
				37345A1524DDB3F400AD909B /* proChoiceViewController.swift in Sources */,
				37345A1324DDA90500AD909B /* sexualAssultLawsViewController.swift in Sources */,
				373459F924DC48E400AD909B /* fifthViewController.swift in Sources */,
				37345A0724DD8F9200AD909B /* citizenShipViewController.swift in Sources */,
				373459FF24DC600B00AD909B /* BLMHealthCareViewController.swift in Sources */,
				37345A0124DC603E00AD909B /* BLMEducationViewController.swift in Sources */,
			);
			runOnlyForDeploymentPostprocessing = 0;
		};
		37B99BA424D8F3A400AC9A5D /* Sources */ = {
			isa = PBXSourcesBuildPhase;
			buildActionMask = 2147483647;
			files = (
				37B99BAD24D8F3A400AC9A5D /* unitedTests.swift in Sources */,
			);
			runOnlyForDeploymentPostprocessing = 0;
		};
		37B99BAF24D8F3A400AC9A5D /* Sources */ = {
			isa = PBXSourcesBuildPhase;
			buildActionMask = 2147483647;
			files = (
				37B99BB824D8F3A400AC9A5D /* unitedUITests.swift in Sources */,
			);
			runOnlyForDeploymentPostprocessing = 0;
		};
/* End PBXSourcesBuildPhase section */

/* Begin PBXTargetDependency section */
		37B99BAA24D8F3A400AC9A5D /* PBXTargetDependency */ = {
			isa = PBXTargetDependency;
			target = 37B99B9124D8F39A00AC9A5D /* united */;
			targetProxy = 37B99BA924D8F3A400AC9A5D /* PBXContainerItemProxy */;
		};
		37B99BB524D8F3A400AC9A5D /* PBXTargetDependency */ = {
			isa = PBXTargetDependency;
			target = 37B99B9124D8F39A00AC9A5D /* united */;
			targetProxy = 37B99BB424D8F3A400AC9A5D /* PBXContainerItemProxy */;
		};
/* End PBXTargetDependency section */

/* Begin PBXVariantGroup section */
		37B99B9B24D8F39A00AC9A5D /* Main.storyboard */ = {
			isa = PBXVariantGroup;
			children = (
				37B99B9C24D8F39A00AC9A5D /* Base */,
			);
			name = Main.storyboard;
			sourceTree = "<group>";
		};
		37B99BA024D8F3A400AC9A5D /* LaunchScreen.storyboard */ = {
			isa = PBXVariantGroup;
			children = (
				37B99BA124D8F3A400AC9A5D /* Base */,
			);
			name = LaunchScreen.storyboard;
			sourceTree = "<group>";
		};
/* End PBXVariantGroup section */

/* Begin XCBuildConfiguration section */
		37B99BBA24D8F3A400AC9A5D /* Debug */ = {
			isa = XCBuildConfiguration;
			buildSettings = {
				ALWAYS_SEARCH_USER_PATHS = NO;
				CLANG_ANALYZER_NONNULL = YES;
				CLANG_ANALYZER_NUMBER_OBJECT_CONVERSION = YES_AGGRESSIVE;
				CLANG_CXX_LANGUAGE_STANDARD = "gnu++14";
				CLANG_CXX_LIBRARY = "libc++";
				CLANG_ENABLE_MODULES = YES;
				CLANG_ENABLE_OBJC_ARC = YES;
				CLANG_ENABLE_OBJC_WEAK = YES;
				CLANG_WARN_BLOCK_CAPTURE_AUTORELEASING = YES;
				CLANG_WARN_BOOL_CONVERSION = YES;
				CLANG_WARN_COMMA = YES;
				CLANG_WARN_CONSTANT_CONVERSION = YES;
				CLANG_WARN_DEPRECATED_OBJC_IMPLEMENTATIONS = YES;
				CLANG_WARN_DIRECT_OBJC_ISA_USAGE = YES_ERROR;
				CLANG_WARN_DOCUMENTATION_COMMENTS = YES;
				CLANG_WARN_EMPTY_BODY = YES;
				CLANG_WARN_ENUM_CONVERSION = YES;
				CLANG_WARN_INFINITE_RECURSION = YES;
				CLANG_WARN_INT_CONVERSION = YES;
				CLANG_WARN_NON_LITERAL_NULL_CONVERSION = YES;
				CLANG_WARN_OBJC_IMPLICIT_RETAIN_SELF = YES;
				CLANG_WARN_OBJC_LITERAL_CONVERSION = YES;
				CLANG_WARN_OBJC_ROOT_CLASS = YES_ERROR;
				CLANG_WARN_RANGE_LOOP_ANALYSIS = YES;
				CLANG_WARN_STRICT_PROTOTYPES = YES;
				CLANG_WARN_SUSPICIOUS_MOVE = YES;
				CLANG_WARN_UNGUARDED_AVAILABILITY = YES_AGGRESSIVE;
				CLANG_WARN_UNREACHABLE_CODE = YES;
				CLANG_WARN__DUPLICATE_METHOD_MATCH = YES;
				COPY_PHASE_STRIP = NO;
				DEBUG_INFORMATION_FORMAT = dwarf;
				ENABLE_STRICT_OBJC_MSGSEND = YES;
				ENABLE_TESTABILITY = YES;
				GCC_C_LANGUAGE_STANDARD = gnu11;
				GCC_DYNAMIC_NO_PIC = NO;
				GCC_NO_COMMON_BLOCKS = YES;
				GCC_OPTIMIZATION_LEVEL = 0;
				GCC_PREPROCESSOR_DEFINITIONS = (
					"DEBUG=1",
					"$(inherited)",
				);
				GCC_WARN_64_TO_32_BIT_CONVERSION = YES;
				GCC_WARN_ABOUT_RETURN_TYPE = YES_ERROR;
				GCC_WARN_UNDECLARED_SELECTOR = YES;
				GCC_WARN_UNINITIALIZED_AUTOS = YES_AGGRESSIVE;
				GCC_WARN_UNUSED_FUNCTION = YES;
				GCC_WARN_UNUSED_VARIABLE = YES;
				IPHONEOS_DEPLOYMENT_TARGET = 13.5;
				MTL_ENABLE_DEBUG_INFO = INCLUDE_SOURCE;
				MTL_FAST_MATH = YES;
				ONLY_ACTIVE_ARCH = YES;
				SDKROOT = iphoneos;
				SWIFT_ACTIVE_COMPILATION_CONDITIONS = DEBUG;
				SWIFT_OPTIMIZATION_LEVEL = "-Onone";
			};
			name = Debug;
		};
		37B99BBB24D8F3A400AC9A5D /* Release */ = {
			isa = XCBuildConfiguration;
			buildSettings = {
				ALWAYS_SEARCH_USER_PATHS = NO;
				CLANG_ANALYZER_NONNULL = YES;
				CLANG_ANALYZER_NUMBER_OBJECT_CONVERSION = YES_AGGRESSIVE;
				CLANG_CXX_LANGUAGE_STANDARD = "gnu++14";
				CLANG_CXX_LIBRARY = "libc++";
				CLANG_ENABLE_MODULES = YES;
				CLANG_ENABLE_OBJC_ARC = YES;
				CLANG_ENABLE_OBJC_WEAK = YES;
				CLANG_WARN_BLOCK_CAPTURE_AUTORELEASING = YES;
				CLANG_WARN_BOOL_CONVERSION = YES;
				CLANG_WARN_COMMA = YES;
				CLANG_WARN_CONSTANT_CONVERSION = YES;
				CLANG_WARN_DEPRECATED_OBJC_IMPLEMENTATIONS = YES;
				CLANG_WARN_DIRECT_OBJC_ISA_USAGE = YES_ERROR;
				CLANG_WARN_DOCUMENTATION_COMMENTS = YES;
				CLANG_WARN_EMPTY_BODY = YES;
				CLANG_WARN_ENUM_CONVERSION = YES;
				CLANG_WARN_INFINITE_RECURSION = YES;
				CLANG_WARN_INT_CONVERSION = YES;
				CLANG_WARN_NON_LITERAL_NULL_CONVERSION = YES;
				CLANG_WARN_OBJC_IMPLICIT_RETAIN_SELF = YES;
				CLANG_WARN_OBJC_LITERAL_CONVERSION = YES;
				CLANG_WARN_OBJC_ROOT_CLASS = YES_ERROR;
				CLANG_WARN_RANGE_LOOP_ANALYSIS = YES;
				CLANG_WARN_STRICT_PROTOTYPES = YES;
				CLANG_WARN_SUSPICIOUS_MOVE = YES;
				CLANG_WARN_UNGUARDED_AVAILABILITY = YES_AGGRESSIVE;
				CLANG_WARN_UNREACHABLE_CODE = YES;
				CLANG_WARN__DUPLICATE_METHOD_MATCH = YES;
				COPY_PHASE_STRIP = NO;
				DEBUG_INFORMATION_FORMAT = "dwarf-with-dsym";
				ENABLE_NS_ASSERTIONS = NO;
				ENABLE_STRICT_OBJC_MSGSEND = YES;
				GCC_C_LANGUAGE_STANDARD = gnu11;
				GCC_NO_COMMON_BLOCKS = YES;
				GCC_WARN_64_TO_32_BIT_CONVERSION = YES;
				GCC_WARN_ABOUT_RETURN_TYPE = YES_ERROR;
				GCC_WARN_UNDECLARED_SELECTOR = YES;
				GCC_WARN_UNINITIALIZED_AUTOS = YES_AGGRESSIVE;
				GCC_WARN_UNUSED_FUNCTION = YES;
				GCC_WARN_UNUSED_VARIABLE = YES;
				IPHONEOS_DEPLOYMENT_TARGET = 13.5;
				MTL_ENABLE_DEBUG_INFO = NO;
				MTL_FAST_MATH = YES;
				SDKROOT = iphoneos;
				SWIFT_COMPILATION_MODE = wholemodule;
				SWIFT_OPTIMIZATION_LEVEL = "-O";
				VALIDATE_PRODUCT = YES;
			};
			name = Release;
		};
		37B99BBD24D8F3A400AC9A5D /* Debug */ = {
			isa = XCBuildConfiguration;
			buildSettings = {
				ASSETCATALOG_COMPILER_APPICON_NAME = AppIcon;
				CODE_SIGN_STYLE = Automatic;
				INFOPLIST_FILE = united/Info.plist;
				LD_RUNPATH_SEARCH_PATHS = (
					"$(inherited)",
					"@executable_path/Frameworks",
				);
				PRODUCT_BUNDLE_IDENTIFIER = mel.united;
				PRODUCT_NAME = "$(TARGET_NAME)";
				SWIFT_VERSION = 5.0;
				TARGETED_DEVICE_FAMILY = "1,2";
			};
			name = Debug;
		};
		37B99BBE24D8F3A400AC9A5D /* Release */ = {
			isa = XCBuildConfiguration;
			buildSettings = {
				ASSETCATALOG_COMPILER_APPICON_NAME = AppIcon;
				CODE_SIGN_STYLE = Automatic;
				INFOPLIST_FILE = united/Info.plist;
				LD_RUNPATH_SEARCH_PATHS = (
					"$(inherited)",
					"@executable_path/Frameworks",
				);
				PRODUCT_BUNDLE_IDENTIFIER = mel.united;
				PRODUCT_NAME = "$(TARGET_NAME)";
				SWIFT_VERSION = 5.0;
				TARGETED_DEVICE_FAMILY = "1,2";
			};
			name = Release;
		};
		37B99BC024D8F3A400AC9A5D /* Debug */ = {
			isa = XCBuildConfiguration;
			buildSettings = {
				ALWAYS_EMBED_SWIFT_STANDARD_LIBRARIES = YES;
				BUNDLE_LOADER = "$(TEST_HOST)";
				CODE_SIGN_STYLE = Automatic;
				INFOPLIST_FILE = unitedTests/Info.plist;
				IPHONEOS_DEPLOYMENT_TARGET = 13.5;
				LD_RUNPATH_SEARCH_PATHS = (
					"$(inherited)",
					"@executable_path/Frameworks",
					"@loader_path/Frameworks",
				);
				PRODUCT_BUNDLE_IDENTIFIER = mel.unitedTests;
				PRODUCT_NAME = "$(TARGET_NAME)";
				SWIFT_VERSION = 5.0;
				TARGETED_DEVICE_FAMILY = "1,2";
				TEST_HOST = "$(BUILT_PRODUCTS_DIR)/united.app/united";
			};
			name = Debug;
		};
		37B99BC124D8F3A400AC9A5D /* Release */ = {
			isa = XCBuildConfiguration;
			buildSettings = {
				ALWAYS_EMBED_SWIFT_STANDARD_LIBRARIES = YES;
				BUNDLE_LOADER = "$(TEST_HOST)";
				CODE_SIGN_STYLE = Automatic;
				INFOPLIST_FILE = unitedTests/Info.plist;
				IPHONEOS_DEPLOYMENT_TARGET = 13.5;
				LD_RUNPATH_SEARCH_PATHS = (
					"$(inherited)",
					"@executable_path/Frameworks",
					"@loader_path/Frameworks",
				);
				PRODUCT_BUNDLE_IDENTIFIER = mel.unitedTests;
				PRODUCT_NAME = "$(TARGET_NAME)";
				SWIFT_VERSION = 5.0;
				TARGETED_DEVICE_FAMILY = "1,2";
				TEST_HOST = "$(BUILT_PRODUCTS_DIR)/united.app/united";
			};
			name = Release;
		};
		37B99BC324D8F3A400AC9A5D /* Debug */ = {
			isa = XCBuildConfiguration;
			buildSettings = {
				ALWAYS_EMBED_SWIFT_STANDARD_LIBRARIES = YES;
				CODE_SIGN_STYLE = Automatic;
				INFOPLIST_FILE = unitedUITests/Info.plist;
				LD_RUNPATH_SEARCH_PATHS = (
					"$(inherited)",
					"@executable_path/Frameworks",
					"@loader_path/Frameworks",
				);
				PRODUCT_BUNDLE_IDENTIFIER = mel.unitedUITests;
				PRODUCT_NAME = "$(TARGET_NAME)";
				SWIFT_VERSION = 5.0;
				TARGETED_DEVICE_FAMILY = "1,2";
				TEST_TARGET_NAME = united;
			};
			name = Debug;
		};
		37B99BC424D8F3A400AC9A5D /* Release */ = {
			isa = XCBuildConfiguration;
			buildSettings = {
				ALWAYS_EMBED_SWIFT_STANDARD_LIBRARIES = YES;
				CODE_SIGN_STYLE = Automatic;
				INFOPLIST_FILE = unitedUITests/Info.plist;
				LD_RUNPATH_SEARCH_PATHS = (
					"$(inherited)",
					"@executable_path/Frameworks",
					"@loader_path/Frameworks",
				);
				PRODUCT_BUNDLE_IDENTIFIER = mel.unitedUITests;
				PRODUCT_NAME = "$(TARGET_NAME)";
				SWIFT_VERSION = 5.0;
				TARGETED_DEVICE_FAMILY = "1,2";
				TEST_TARGET_NAME = united;
			};
			name = Release;
		};
/* End XCBuildConfiguration section */

/* Begin XCConfigurationList section */
		37B99B8D24D8F39900AC9A5D /* Build configuration list for PBXProject "united" */ = {
			isa = XCConfigurationList;
			buildConfigurations = (
				37B99BBA24D8F3A400AC9A5D /* Debug */,
				37B99BBB24D8F3A400AC9A5D /* Release */,
			);
			defaultConfigurationIsVisible = 0;
			defaultConfigurationName = Release;
		};
		37B99BBC24D8F3A400AC9A5D /* Build configuration list for PBXNativeTarget "united" */ = {
			isa = XCConfigurationList;
			buildConfigurations = (
				37B99BBD24D8F3A400AC9A5D /* Debug */,
				37B99BBE24D8F3A400AC9A5D /* Release */,
			);
			defaultConfigurationIsVisible = 0;
			defaultConfigurationName = Release;
		};
		37B99BBF24D8F3A400AC9A5D /* Build configuration list for PBXNativeTarget "unitedTests" */ = {
			isa = XCConfigurationList;
			buildConfigurations = (
				37B99BC024D8F3A400AC9A5D /* Debug */,
				37B99BC124D8F3A400AC9A5D /* Release */,
			);
			defaultConfigurationIsVisible = 0;
			defaultConfigurationName = Release;
		};
		37B99BC224D8F3A400AC9A5D /* Build configuration list for PBXNativeTarget "unitedUITests" */ = {
			isa = XCConfigurationList;
			buildConfigurations = (
				37B99BC324D8F3A400AC9A5D /* Debug */,
				37B99BC424D8F3A400AC9A5D /* Release */,
			);
			defaultConfigurationIsVisible = 0;
			defaultConfigurationName = Release;
		};
/* End XCConfigurationList section */
	};
	rootObject = 37B99B8A24D8F39900AC9A5D /* Project object */;
}
